// !$*UTF8*$!
{
	archiveVersion = 1;
	classes = {
	};
	objectVersion = 46;
	objects = {
/* Begin PBXBuildFile section */
		0207DA581B56EA530066E2B4 /* Images.xcassets in Resources */ = {isa = PBXBuildFile; fileRef = 0207DA571B56EA530066E2B4 /* Images.xcassets */; };
		1D3623260D0F684500981E51 /* AppDelegate.m in Sources */ = {isa = PBXBuildFile; fileRef = 1D3623250D0F684500981E51 /* AppDelegate.m */; };
		1D60589B0D05DD56006BFB54 /* main.m in Sources */ = {isa = PBXBuildFile; fileRef = 29B97316FDCFA39411CA2CEA /* main.m */; };
		301BF552109A68D80062928A /* libCordova.a in Frameworks */ = {isa = PBXBuildFile; fileRef = 301BF535109A57CC0062928A /* libCordova.a */; };
		302D95F114D2391D003F00A1 /* MainViewController.m in Sources */ = {isa = PBXBuildFile; fileRef = 302D95EF14D2391D003F00A1 /* MainViewController.m */; };
		302D95F214D2391D003F00A1 /* MainViewController.xib in Resources */ = {isa = PBXBuildFile; fileRef = 302D95F014D2391D003F00A1 /* MainViewController.xib */; };
		3047A5121AB8059700498E2A /* build-debug.xcconfig in Resources */ = {isa = PBXBuildFile; fileRef = 3047A50F1AB8059700498E2A /* build-debug.xcconfig */; };
		3047A5131AB8059700498E2A /* build-release.xcconfig in Resources */ = {isa = PBXBuildFile; fileRef = 3047A5101AB8059700498E2A /* build-release.xcconfig */; };
		3047A5141AB8059700498E2A /* build.xcconfig in Resources */ = {isa = PBXBuildFile; fileRef = 3047A5111AB8059700498E2A /* build.xcconfig */; };
		9275345EA37B447E92D3E261 /* CDVBattery.m in Sources */ = {isa = PBXBuildFile; fileRef = 459614B2710D44E2ACD3BD35 /* CDVBattery.m */; };
		C9798FBA2EBE435898959B78 /* UIImage+CropScaleOrientation.m in Sources */ = {isa = PBXBuildFile; fileRef = 4036EB13E69343219C76A6C5 /* UIImage+CropScaleOrientation.m */; };
		821E59C28FB9413C9EE156C6 /* CDVCamera.m in Sources */ = {isa = PBXBuildFile; fileRef = 63B9875F64CC440F8374DE10 /* CDVCamera.m */; };
		6184DAE9C83447EDB101B050 /* CDVJpegHeaderWriter.m in Sources */ = {isa = PBXBuildFile; fileRef = 2815B046D4254D1E933747AB /* CDVJpegHeaderWriter.m */; };
		4D8EA9FBC3F0484EBF608CF4 /* ImageIO.framework in Frameworks */ = {isa = PBXBuildFile; fileRef = 3F380630BFF9404884E90078 /* ImageIO.framework */; settings = {ATTRIBUTES = (Weak, ); }; };
		0E6894FE5B5746A9B897EA59 /* CoreLocation.framework in Frameworks */ = {isa = PBXBuildFile; fileRef = 8C6F6CD202104E26B4F54911 /* CoreLocation.framework */; };
		280C4D26320541D1B64EA29B /* AVFoundation.framework in Frameworks */ = {isa = PBXBuildFile; fileRef = 2CB3031D67A14260BB111F67 /* AVFoundation.framework */; };
		A8677CBF08EB43F898BFC755 /* CDVLogger.m in Sources */ = {isa = PBXBuildFile; fileRef = CD30356C179741D4BF709F0C /* CDVLogger.m */; };
		9FCDD1855B674175B0B07419 /* CDVContacts.m in Sources */ = {isa = PBXBuildFile; fileRef = 24C15D0211F04D67B6BB4541 /* CDVContacts.m */; };
		751C57AC0EC847089CB0DCBE /* CDVContact.m in Sources */ = {isa = PBXBuildFile; fileRef = 3E3E8B97C42A49958B48FB68 /* CDVContact.m */; };
		050677E8B46C4545AC6BFC6A /* AddressBook.framework in Frameworks */ = {isa = PBXBuildFile; fileRef = FDC6274E3BED48E9951E3B52 /* AddressBook.framework */; settings = {ATTRIBUTES = (Weak, ); }; };
		F667F4A9D342481CB3CCE896 /* AddressBookUI.framework in Frameworks */ = {isa = PBXBuildFile; fileRef = 8A20B6721EC144E1B8473CA7 /* AddressBookUI.framework */; settings = {ATTRIBUTES = (Weak, ); }; };
		19B74E4BB00E4815A9F971FC /* CDVDevice.m in Sources */ = {isa = PBXBuildFile; fileRef = 13F1EAA5BE9D48DD82357832 /* CDVDevice.m */; };
		C12F0210984346CB90DC73AD /* CDVAccelerometer.m in Sources */ = {isa = PBXBuildFile; fileRef = ADA484C8514A4651B7FCB9EF /* CDVAccelerometer.m */; };
		AF68A223531540CF84BBF322 /* CoreMotion.framework in Frameworks */ = {isa = PBXBuildFile; fileRef = 88E71D0E039B4CFE990E530C /* CoreMotion.framework */; };
		03DC9B440B3B411EBD2342F3 /* CDVCompass.m in Sources */ = {isa = PBXBuildFile; fileRef = 8F28D261AFF045A9A5F0701B /* CDVCompass.m */; };
		3BCD4CA48B794085A91AEB9C /* CDVNotification.m in Sources */ = {isa = PBXBuildFile; fileRef = B5ECA85657E8409184892B6F /* CDVNotification.m */; };
		EDC45509E4C64C749FA61426 /* CDVNotification.bundle in Resources */ = {isa = PBXBuildFile; fileRef = 92EC359377DD4C5585F28E98 /* CDVNotification.bundle */; };
		CDE2E67382F44CFABF6855A7 /* AudioToolbox.framework in Frameworks */ = {isa = PBXBuildFile; fileRef = 77FC606C689F4C51AE315F0C /* AudioToolbox.framework */; settings = {ATTRIBUTES = (Weak, ); }; };
		61BC6D025BF94A9AB163F7E1 /* CDVFile.m in Sources */ = {isa = PBXBuildFile; fileRef = 8A5670CE68934F05B31BBBE1 /* CDVFile.m */; };
		A183FECB226E4DD18937E33B /* CDVLocalFilesystem.m in Sources */ = {isa = PBXBuildFile; fileRef = 9C662E915022490ABD71884F /* CDVLocalFilesystem.m */; };
		39F4990545744051A0A274E0 /* CDVAssetLibraryFilesystem.m in Sources */ = {isa = PBXBuildFile; fileRef = 2965A684E9B1479E9451518E /* CDVAssetLibraryFilesystem.m */; };
		323F9B4BB3D94CD3A0853939 /* CDVFileTransfer.m in Sources */ = {isa = PBXBuildFile; fileRef = 19F7262856F84EDBA594373C /* CDVFileTransfer.m */; };
		F98586E106274A0C816F9902 /* CDVLocation.m in Sources */ = {isa = PBXBuildFile; fileRef = 24E34B3D5F28476B8A27DD4D /* CDVLocation.m */; };
		36AFD5D599CC48A09E235376 /* CDVGlobalization.m in Sources */ = {isa = PBXBuildFile; fileRef = 43661AFA760F4F0590F6655F /* CDVGlobalization.m */; };
		C727CC67060F4E3CAD614C6D /* CDVInAppBrowser.m in Sources */ = {isa = PBXBuildFile; fileRef = B13280D8ECEE46FF8F31EF91 /* CDVInAppBrowser.m */; };
		EB310D49B3884663949156FB /* CDVSound.m in Sources */ = {isa = PBXBuildFile; fileRef = BBE838DCCC704AF78FF7BAB9 /* CDVSound.m */; };
		CCC74D55D4CF40B4B58FFEAA /* CDVCapture.m in Sources */ = {isa = PBXBuildFile; fileRef = 941B0463F8044DEF9393F5C4 /* CDVCapture.m */; };
		2E6C9B4A807749BC9032D100 /* CDVCapture.bundle in Resources */ = {isa = PBXBuildFile; fileRef = 98B243A2506948C29830DC68 /* CDVCapture.bundle */; };
		E76AFA4C0F9D4AC5A2F79D29 /* CDVConnection.m in Sources */ = {isa = PBXBuildFile; fileRef = 0229A03F91DA4D0E91D2D459 /* CDVConnection.m */; };
		D9230462DCA14E4AA4E60214 /* CDVReachability.m in Sources */ = {isa = PBXBuildFile; fileRef = 05430ACF4D8746E9B3EA70EC /* CDVReachability.m */; };
		F0DBC5B6BBEA49E78AC34F64 /* SystemConfiguration.framework in Frameworks */ = {isa = PBXBuildFile; fileRef = D552F0C7D66C490AAA25487C /* SystemConfiguration.framework */; settings = {ATTRIBUTES = (Weak, ); }; };
		ECC2589894DC403BBFA8468D /* CoreTelephony.framework in Frameworks */ = {isa = PBXBuildFile; fileRef = 2846C7CE43F749B8822C8E58 /* CoreTelephony.framework */; };
		B2355393AA6043429A5D1EC5 /* CDVSplashScreen.m in Sources */ = {isa = PBXBuildFile; fileRef = 76938085694344BF8D142058 /* CDVSplashScreen.m */; };
		9C4EAE7D21D242558BBAFA5D /* CDVViewController+SplashScreen.m in Sources */ = {isa = PBXBuildFile; fileRef = EF5B566E69924D08AA95C7A3 /* CDVViewController+SplashScreen.m */; };
		5A1494C7691B40AC805AFE02 /* CDVStatusBar.m in Sources */ = {isa = PBXBuildFile; fileRef = F048277B1CBB4B459BFFE2F2 /* CDVStatusBar.m */; };
		A5EE7E7213664CAD996DF615 /* CDVVibration.m in Sources */ = {isa = PBXBuildFile; fileRef = 75A599408FFF4090B99D9576 /* CDVVibration.m */; };
		292A9615C71D4AA497D6CF95 /* CDVBarcodeScanner.mm in Resources */ = {isa = PBXBuildFile; fileRef = 0162D70FDE96497DB7854385 /* CDVBarcodeScanner.mm */; settings = {COMPILER_FLAGS = "-fno-objc-arc"; }; };
		0045C391E6DA4009BF5F141D /* zxing-all-in-one.cpp in Resources */ = {isa = PBXBuildFile; fileRef = 85447BC7C0A8424F87FA7FA8 /* zxing-all-in-one.cpp */; };
		25D3AC17A4E64C9088ABD8D6 /* scannerOverlay.xib in Resources */ = {isa = PBXBuildFile; fileRef = 1DB9414820314F6D8636D526 /* scannerOverlay.xib */; };
		14DF07AD05E84056AB617997 /* CDVBarcodeScanner.bundle in Resources */ = {isa = PBXBuildFile; fileRef = B67FB1A6E41341E58E5F88A9 /* CDVBarcodeScanner.bundle */; };
		5BC7ED0F9D974935AA1B1AD0 /* libiconv.dylib in Frameworks */ = {isa = PBXBuildFile; fileRef = 323D6B4EB3CD4FA98B911B3C /* libiconv.dylib */; };
		360F221217654D7282622FCF /* CoreVideo.framework in Frameworks */ = {isa = PBXBuildFile; fileRef = BAD3405D193F4E2DB6728519 /* CoreVideo.framework */; };
		81B54C326BDD4B4A8914BC79 /* QuartzCore.framework in Frameworks */ = {isa = PBXBuildFile; fileRef = 82495A037DE843809E11A278 /* QuartzCore.framework */; };
		3BEFD7EDC1534E85883E81AD /* CoreImage.framework in Frameworks */ = {isa = PBXBuildFile; fileRef = CC41942505F74CDB8B927C1F /* CoreImage.framework */; };
/* End PBXBuildFile section */

/* Begin PBXContainerItemProxy section */
		301BF534109A57CC0062928A /* PBXContainerItemProxy */ = {
			isa = PBXContainerItemProxy;
			containerPortal = 301BF52D109A57CC0062928A /* CordovaLib.xcodeproj */;
			proxyType = 2;
			remoteGlobalIDString = D2AAC07E0554694100DB518D;
			remoteInfo = CordovaLib;
		};
		301BF550109A68C00062928A /* PBXContainerItemProxy */ = {
			isa = PBXContainerItemProxy;
			containerPortal = 301BF52D109A57CC0062928A /* CordovaLib.xcodeproj */;
			proxyType = 1;
			remoteGlobalIDString = D2AAC07D0554694100DB518D;
			remoteInfo = CordovaLib;
		};
/* End PBXContainerItemProxy section */

/* Begin PBXFileReference section */
		0207DA571B56EA530066E2B4 /* Images.xcassets */ = {isa = PBXFileReference; lastKnownFileType = folder.assetcatalog; name = Images.xcassets; path = "SmartMoney Wallet/Images.xcassets"; sourceTree = SOURCE_ROOT; };
		1D3623240D0F684500981E51 /* AppDelegate.h */ = {isa = PBXFileReference; fileEncoding = 4; lastKnownFileType = sourcecode.c.h; path = AppDelegate.h; sourceTree = "<group>"; };
		1D3623250D0F684500981E51 /* AppDelegate.m */ = {isa = PBXFileReference; fileEncoding = 4; lastKnownFileType = sourcecode.c.objc; path = AppDelegate.m; sourceTree = "<group>"; };
		1D6058910D05DD3D006BFB54 /* SmartMoney Wallet.app */ = {isa = PBXFileReference; explicitFileType = wrapper.application; includeInIndex = 0; path = "SmartMoney Wallet.app"; sourceTree = BUILT_PRODUCTS_DIR; };
		29B97316FDCFA39411CA2CEA /* main.m */ = {isa = PBXFileReference; fileEncoding = 4; lastKnownFileType = sourcecode.c.objc; path = main.m; sourceTree = "<group>"; };
		301BF52D109A57CC0062928A /* CordovaLib.xcodeproj */ = {isa = PBXFileReference; lastKnownFileType = "wrapper.pb-project"; name = CordovaLib.xcodeproj; path = CordovaLib/CordovaLib.xcodeproj; sourceTree = "<group>"; };
		301BF56E109A69640062928A /* www */ = {isa = PBXFileReference; lastKnownFileType = folder; path = www; sourceTree = SOURCE_ROOT; };
		302D95EE14D2391D003F00A1 /* MainViewController.h */ = {isa = PBXFileReference; fileEncoding = 4; lastKnownFileType = sourcecode.c.h; path = MainViewController.h; sourceTree = "<group>"; };
		302D95EF14D2391D003F00A1 /* MainViewController.m */ = {isa = PBXFileReference; fileEncoding = 4; lastKnownFileType = sourcecode.c.objc; path = MainViewController.m; sourceTree = "<group>"; };
		302D95F014D2391D003F00A1 /* MainViewController.xib */ = {isa = PBXFileReference; fileEncoding = 4; lastKnownFileType = file.xib; path = MainViewController.xib; sourceTree = "<group>"; };
		3047A50F1AB8059700498E2A /* build-debug.xcconfig */ = {isa = PBXFileReference; fileEncoding = 4; lastKnownFileType = text.xcconfig; name = "build-debug.xcconfig"; path = cordova/build-debug.xcconfig; sourceTree = SOURCE_ROOT; };
		3047A5101AB8059700498E2A /* build-release.xcconfig */ = {isa = PBXFileReference; fileEncoding = 4; lastKnownFileType = text.xcconfig; name = "build-release.xcconfig"; path = cordova/build-release.xcconfig; sourceTree = SOURCE_ROOT; };
		3047A5111AB8059700498E2A /* build.xcconfig */ = {isa = PBXFileReference; fileEncoding = 4; lastKnownFileType = text.xcconfig; name = build.xcconfig; path = cordova/build.xcconfig; sourceTree = SOURCE_ROOT; };
		32CA4F630368D1EE00C91783 /* SmartMoney Wallet-Prefix.pch */ = {isa = PBXFileReference; fileEncoding = 4; lastKnownFileType = sourcecode.c.h; path = "SmartMoney Wallet-Prefix.pch"; sourceTree = "<group>"; };
		8D1107310486CEB800E47090 /* SmartMoney Wallet-Info.plist */ = {isa = PBXFileReference; fileEncoding = 4; lastKnownFileType = text.plist.xml; name = "SmartMoney Wallet-Info.plist"; path = "SmartMoney Wallet/SmartMoney Wallet-Info.plist"; plistStructureDefinitionIdentifier = "com.apple.xcode.plist.structure-definition.iphone.info-plist"; sourceTree = SOURCE_ROOT; };
		EB87FDF31871DA8E0020F90C /* www */ = {isa = PBXFileReference; lastKnownFileType = folder; name = www; path = ../../www; sourceTree = "<group>"; };
		EB87FDF41871DAF40020F90C /* config.xml */ = {isa = PBXFileReference; lastKnownFileType = text.xml; name = config.xml; path = ../../config.xml; sourceTree = "<group>"; };
		F840E1F0165FE0F500CFE078 /* config.xml */ = {isa = PBXFileReference; lastKnownFileType = text.xml; name = config.xml; path = "SmartMoney Wallet/config.xml"; sourceTree = "<group>"; };
		ED33DF2A687741AEAF9F8254 /* Bridging-Header.h */ = {isa = PBXFileReference; fileEncoding = 4; lastKnownFileType = sourcecode.c.h; name = "Bridging-Header.h"; path = "Bridging-Header.h"; sourceTree = "<group>"; };
		459614B2710D44E2ACD3BD35 /* CDVBattery.m */ = {isa = PBXFileReference; name = "CDVBattery.m"; path = "cordova-plugin-battery-status/CDVBattery.m"; sourceTree = "<group>"; fileEncoding = 4; lastKnownFileType = sourcecode.c.objc; explicitFileType = undefined; includeInIndex = 0; };
		7A21E9503E464238ACB85E98 /* CDVBattery.h */ = {isa = PBXFileReference; name = "CDVBattery.h"; path = "cordova-plugin-battery-status/CDVBattery.h"; sourceTree = "<group>"; fileEncoding = 4; lastKnownFileType = sourcecode.c.h; explicitFileType = undefined; includeInIndex = 0; };
		4036EB13E69343219C76A6C5 /* UIImage+CropScaleOrientation.m */ = {isa = PBXFileReference; name = "UIImage+CropScaleOrientation.m"; path = "cordova-plugin-camera/UIImage+CropScaleOrientation.m"; sourceTree = "<group>"; fileEncoding = 4; lastKnownFileType = sourcecode.c.objc; explicitFileType = undefined; includeInIndex = 0; };
		63B9875F64CC440F8374DE10 /* CDVCamera.m */ = {isa = PBXFileReference; name = "CDVCamera.m"; path = "cordova-plugin-camera/CDVCamera.m"; sourceTree = "<group>"; fileEncoding = 4; lastKnownFileType = sourcecode.c.objc; explicitFileType = undefined; includeInIndex = 0; };
		2815B046D4254D1E933747AB /* CDVJpegHeaderWriter.m */ = {isa = PBXFileReference; name = "CDVJpegHeaderWriter.m"; path = "cordova-plugin-camera/CDVJpegHeaderWriter.m"; sourceTree = "<group>"; fileEncoding = 4; lastKnownFileType = sourcecode.c.objc; explicitFileType = undefined; includeInIndex = 0; };
		C6DF2B9A7F4A426DA1042F5A /* UIImage+CropScaleOrientation.h */ = {isa = PBXFileReference; name = "UIImage+CropScaleOrientation.h"; path = "cordova-plugin-camera/UIImage+CropScaleOrientation.h"; sourceTree = "<group>"; fileEncoding = 4; lastKnownFileType = sourcecode.c.h; explicitFileType = undefined; includeInIndex = 0; };
		1E3EBE07445A4338BE80D2C6 /* CDVCamera.h */ = {isa = PBXFileReference; name = "CDVCamera.h"; path = "cordova-plugin-camera/CDVCamera.h"; sourceTree = "<group>"; fileEncoding = 4; lastKnownFileType = sourcecode.c.h; explicitFileType = undefined; includeInIndex = 0; };
		E4839CCDA4534159AD90A6EC /* CDVJpegHeaderWriter.h */ = {isa = PBXFileReference; name = "CDVJpegHeaderWriter.h"; path = "cordova-plugin-camera/CDVJpegHeaderWriter.h"; sourceTree = "<group>"; fileEncoding = 4; lastKnownFileType = sourcecode.c.h; explicitFileType = undefined; includeInIndex = 0; };
		F2BBA7D41B894BCDA0E56F9C /* CDVExif.h */ = {isa = PBXFileReference; name = "CDVExif.h"; path = "cordova-plugin-camera/CDVExif.h"; sourceTree = "<group>"; fileEncoding = 4; lastKnownFileType = sourcecode.c.h; explicitFileType = undefined; includeInIndex = 0; };
		3F380630BFF9404884E90078 /* ImageIO.framework */ = {isa = PBXFileReference; name = "ImageIO.framework"; path = "System/Library/Frameworks/ImageIO.framework"; sourceTree = SDKROOT; fileEncoding = undefined; lastKnownFileType = wrapper.framework; explicitFileType = undefined; includeInIndex = 0; };
		8C6F6CD202104E26B4F54911 /* CoreLocation.framework */ = {isa = PBXFileReference; name = "CoreLocation.framework"; path = "System/Library/Frameworks/CoreLocation.framework"; sourceTree = SDKROOT; fileEncoding = undefined; lastKnownFileType = wrapper.framework; explicitFileType = undefined; includeInIndex = 0; };
		2CB3031D67A14260BB111F67 /* AVFoundation.framework */ = {isa = PBXFileReference; name = "AVFoundation.framework"; path = "System/Library/Frameworks/AVFoundation.framework"; sourceTree = SDKROOT; fileEncoding = undefined; lastKnownFileType = wrapper.framework; explicitFileType = undefined; includeInIndex = 0; };
		CD30356C179741D4BF709F0C /* CDVLogger.m */ = {isa = PBXFileReference; name = "CDVLogger.m"; path = "cordova-plugin-console/CDVLogger.m"; sourceTree = "<group>"; fileEncoding = 4; lastKnownFileType = sourcecode.c.objc; explicitFileType = undefined; includeInIndex = 0; };
		512594E5CB7F431DB6ECF9AC /* CDVLogger.h */ = {isa = PBXFileReference; name = "CDVLogger.h"; path = "cordova-plugin-console/CDVLogger.h"; sourceTree = "<group>"; fileEncoding = 4; lastKnownFileType = sourcecode.c.h; explicitFileType = undefined; includeInIndex = 0; };
		24C15D0211F04D67B6BB4541 /* CDVContacts.m */ = {isa = PBXFileReference; name = "CDVContacts.m"; path = "cordova-plugin-contacts/CDVContacts.m"; sourceTree = "<group>"; fileEncoding = 4; lastKnownFileType = sourcecode.c.objc; explicitFileType = undefined; includeInIndex = 0; };
		3E3E8B97C42A49958B48FB68 /* CDVContact.m */ = {isa = PBXFileReference; name = "CDVContact.m"; path = "cordova-plugin-contacts/CDVContact.m"; sourceTree = "<group>"; fileEncoding = 4; lastKnownFileType = sourcecode.c.objc; explicitFileType = undefined; includeInIndex = 0; };
		08A4457140DD414281FE5D2A /* CDVContacts.h */ = {isa = PBXFileReference; name = "CDVContacts.h"; path = "cordova-plugin-contacts/CDVContacts.h"; sourceTree = "<group>"; fileEncoding = 4; lastKnownFileType = sourcecode.c.h; explicitFileType = undefined; includeInIndex = 0; };
		C7DD83AF7E3C4EBEB9B62697 /* CDVContact.h */ = {isa = PBXFileReference; name = "CDVContact.h"; path = "cordova-plugin-contacts/CDVContact.h"; sourceTree = "<group>"; fileEncoding = 4; lastKnownFileType = sourcecode.c.h; explicitFileType = undefined; includeInIndex = 0; };
		FDC6274E3BED48E9951E3B52 /* AddressBook.framework */ = {isa = PBXFileReference; name = "AddressBook.framework"; path = "System/Library/Frameworks/AddressBook.framework"; sourceTree = SDKROOT; fileEncoding = undefined; lastKnownFileType = wrapper.framework; explicitFileType = undefined; includeInIndex = 0; };
		8A20B6721EC144E1B8473CA7 /* AddressBookUI.framework */ = {isa = PBXFileReference; name = "AddressBookUI.framework"; path = "System/Library/Frameworks/AddressBookUI.framework"; sourceTree = SDKROOT; fileEncoding = undefined; lastKnownFileType = wrapper.framework; explicitFileType = undefined; includeInIndex = 0; };
		13F1EAA5BE9D48DD82357832 /* CDVDevice.m */ = {isa = PBXFileReference; name = "CDVDevice.m"; path = "cordova-plugin-device/CDVDevice.m"; sourceTree = "<group>"; fileEncoding = 4; lastKnownFileType = sourcecode.c.objc; explicitFileType = undefined; includeInIndex = 0; };
		0255A664C3494E0486A4BD6E /* CDVDevice.h */ = {isa = PBXFileReference; name = "CDVDevice.h"; path = "cordova-plugin-device/CDVDevice.h"; sourceTree = "<group>"; fileEncoding = 4; lastKnownFileType = sourcecode.c.h; explicitFileType = undefined; includeInIndex = 0; };
		ADA484C8514A4651B7FCB9EF /* CDVAccelerometer.m */ = {isa = PBXFileReference; name = "CDVAccelerometer.m"; path = "cordova-plugin-device-motion/CDVAccelerometer.m"; sourceTree = "<group>"; fileEncoding = 4; lastKnownFileType = sourcecode.c.objc; explicitFileType = undefined; includeInIndex = 0; };
		034FDEE2794641949B90F471 /* CDVAccelerometer.h */ = {isa = PBXFileReference; name = "CDVAccelerometer.h"; path = "cordova-plugin-device-motion/CDVAccelerometer.h"; sourceTree = "<group>"; fileEncoding = 4; lastKnownFileType = sourcecode.c.h; explicitFileType = undefined; includeInIndex = 0; };
		88E71D0E039B4CFE990E530C /* CoreMotion.framework */ = {isa = PBXFileReference; name = "CoreMotion.framework"; path = "System/Library/Frameworks/CoreMotion.framework"; sourceTree = SDKROOT; fileEncoding = undefined; lastKnownFileType = wrapper.framework; explicitFileType = undefined; includeInIndex = 0; };
		8F28D261AFF045A9A5F0701B /* CDVCompass.m */ = {isa = PBXFileReference; name = "CDVCompass.m"; path = "cordova-plugin-device-orientation/CDVCompass.m"; sourceTree = "<group>"; fileEncoding = 4; lastKnownFileType = sourcecode.c.objc; explicitFileType = undefined; includeInIndex = 0; };
		B54D2228471442278FAAF212 /* CDVCompass.h */ = {isa = PBXFileReference; name = "CDVCompass.h"; path = "cordova-plugin-device-orientation/CDVCompass.h"; sourceTree = "<group>"; fileEncoding = 4; lastKnownFileType = sourcecode.c.h; explicitFileType = undefined; includeInIndex = 0; };
		B5ECA85657E8409184892B6F /* CDVNotification.m */ = {isa = PBXFileReference; name = "CDVNotification.m"; path = "cordova-plugin-dialogs/CDVNotification.m"; sourceTree = "<group>"; fileEncoding = 4; lastKnownFileType = sourcecode.c.objc; explicitFileType = undefined; includeInIndex = 0; };
		3EC8274328E64920AB92CB36 /* CDVNotification.h */ = {isa = PBXFileReference; name = "CDVNotification.h"; path = "cordova-plugin-dialogs/CDVNotification.h"; sourceTree = "<group>"; fileEncoding = 4; lastKnownFileType = sourcecode.c.h; explicitFileType = undefined; includeInIndex = 0; };
		92EC359377DD4C5585F28E98 /* CDVNotification.bundle */ = {isa = PBXFileReference; name = "CDVNotification.bundle"; path = "CDVNotification.bundle"; sourceTree = "<group>"; fileEncoding = undefined; lastKnownFileType = wrapper.plug-in; explicitFileType = undefined; includeInIndex = 0; };
		77FC606C689F4C51AE315F0C /* AudioToolbox.framework */ = {isa = PBXFileReference; name = "AudioToolbox.framework"; path = "System/Library/Frameworks/AudioToolbox.framework"; sourceTree = SDKROOT; fileEncoding = undefined; lastKnownFileType = wrapper.framework; explicitFileType = undefined; includeInIndex = 0; };
		8A5670CE68934F05B31BBBE1 /* CDVFile.m */ = {isa = PBXFileReference; name = "CDVFile.m"; path = "cordova-plugin-file/CDVFile.m"; sourceTree = "<group>"; fileEncoding = 4; lastKnownFileType = sourcecode.c.objc; explicitFileType = undefined; includeInIndex = 0; };
		9C662E915022490ABD71884F /* CDVLocalFilesystem.m */ = {isa = PBXFileReference; name = "CDVLocalFilesystem.m"; path = "cordova-plugin-file/CDVLocalFilesystem.m"; sourceTree = "<group>"; fileEncoding = 4; lastKnownFileType = sourcecode.c.objc; explicitFileType = undefined; includeInIndex = 0; };
		2965A684E9B1479E9451518E /* CDVAssetLibraryFilesystem.m */ = {isa = PBXFileReference; name = "CDVAssetLibraryFilesystem.m"; path = "cordova-plugin-file/CDVAssetLibraryFilesystem.m"; sourceTree = "<group>"; fileEncoding = 4; lastKnownFileType = sourcecode.c.objc; explicitFileType = undefined; includeInIndex = 0; };
		4C415304FD044991A682E416 /* CDVFile.h */ = {isa = PBXFileReference; name = "CDVFile.h"; path = "cordova-plugin-file/CDVFile.h"; sourceTree = "<group>"; fileEncoding = 4; lastKnownFileType = sourcecode.c.h; explicitFileType = undefined; includeInIndex = 0; };
		F396CEF4B150427196E79199 /* CDVLocalFilesystem.h */ = {isa = PBXFileReference; name = "CDVLocalFilesystem.h"; path = "cordova-plugin-file/CDVLocalFilesystem.h"; sourceTree = "<group>"; fileEncoding = 4; lastKnownFileType = sourcecode.c.h; explicitFileType = undefined; includeInIndex = 0; };
		1421FA3284C14C26A119BB84 /* CDVAssetLibraryFilesystem.h */ = {isa = PBXFileReference; name = "CDVAssetLibraryFilesystem.h"; path = "cordova-plugin-file/CDVAssetLibraryFilesystem.h"; sourceTree = "<group>"; fileEncoding = 4; lastKnownFileType = sourcecode.c.h; explicitFileType = undefined; includeInIndex = 0; };
		19F7262856F84EDBA594373C /* CDVFileTransfer.m */ = {isa = PBXFileReference; name = "CDVFileTransfer.m"; path = "cordova-plugin-file-transfer/CDVFileTransfer.m"; sourceTree = "<group>"; fileEncoding = 4; lastKnownFileType = sourcecode.c.objc; explicitFileType = undefined; includeInIndex = 0; };
		9FABCF780EFB41A49C6A3A85 /* CDVFileTransfer.h */ = {isa = PBXFileReference; name = "CDVFileTransfer.h"; path = "cordova-plugin-file-transfer/CDVFileTransfer.h"; sourceTree = "<group>"; fileEncoding = 4; lastKnownFileType = sourcecode.c.h; explicitFileType = undefined; includeInIndex = 0; };
		24E34B3D5F28476B8A27DD4D /* CDVLocation.m */ = {isa = PBXFileReference; name = "CDVLocation.m"; path = "cordova-plugin-geolocation/CDVLocation.m"; sourceTree = "<group>"; fileEncoding = 4; lastKnownFileType = sourcecode.c.objc; explicitFileType = undefined; includeInIndex = 0; };
		FD1EB31669C045D3A64A3829 /* CDVLocation.h */ = {isa = PBXFileReference; name = "CDVLocation.h"; path = "cordova-plugin-geolocation/CDVLocation.h"; sourceTree = "<group>"; fileEncoding = 4; lastKnownFileType = sourcecode.c.h; explicitFileType = undefined; includeInIndex = 0; };
		43661AFA760F4F0590F6655F /* CDVGlobalization.m */ = {isa = PBXFileReference; name = "CDVGlobalization.m"; path = "cordova-plugin-globalization/CDVGlobalization.m"; sourceTree = "<group>"; fileEncoding = 4; lastKnownFileType = sourcecode.c.objc; explicitFileType = undefined; includeInIndex = 0; };
		26584A0DB74A486A87EFD3C7 /* CDVGlobalization.h */ = {isa = PBXFileReference; name = "CDVGlobalization.h"; path = "cordova-plugin-globalization/CDVGlobalization.h"; sourceTree = "<group>"; fileEncoding = 4; lastKnownFileType = sourcecode.c.h; explicitFileType = undefined; includeInIndex = 0; };
		B13280D8ECEE46FF8F31EF91 /* CDVInAppBrowser.m */ = {isa = PBXFileReference; name = "CDVInAppBrowser.m"; path = "cordova-plugin-inappbrowser/CDVInAppBrowser.m"; sourceTree = "<group>"; fileEncoding = 4; lastKnownFileType = sourcecode.c.objc; explicitFileType = undefined; includeInIndex = 0; };
		1B6E5546B17A44A7831C6AB4 /* CDVInAppBrowser.h */ = {isa = PBXFileReference; name = "CDVInAppBrowser.h"; path = "cordova-plugin-inappbrowser/CDVInAppBrowser.h"; sourceTree = "<group>"; fileEncoding = 4; lastKnownFileType = sourcecode.c.h; explicitFileType = undefined; includeInIndex = 0; };
		BBE838DCCC704AF78FF7BAB9 /* CDVSound.m */ = {isa = PBXFileReference; name = "CDVSound.m"; path = "cordova-plugin-media/CDVSound.m"; sourceTree = "<group>"; fileEncoding = 4; lastKnownFileType = sourcecode.c.objc; explicitFileType = undefined; includeInIndex = 0; };
		CF4ACB38A2954494AD1361AF /* CDVSound.h */ = {isa = PBXFileReference; name = "CDVSound.h"; path = "cordova-plugin-media/CDVSound.h"; sourceTree = "<group>"; fileEncoding = 4; lastKnownFileType = sourcecode.c.h; explicitFileType = undefined; includeInIndex = 0; };
		941B0463F8044DEF9393F5C4 /* CDVCapture.m */ = {isa = PBXFileReference; name = "CDVCapture.m"; path = "cordova-plugin-media-capture/CDVCapture.m"; sourceTree = "<group>"; fileEncoding = 4; lastKnownFileType = sourcecode.c.objc; explicitFileType = undefined; includeInIndex = 0; };
		310E1267F2FB4674824EB234 /* CDVCapture.h */ = {isa = PBXFileReference; name = "CDVCapture.h"; path = "cordova-plugin-media-capture/CDVCapture.h"; sourceTree = "<group>"; fileEncoding = 4; lastKnownFileType = sourcecode.c.h; explicitFileType = undefined; includeInIndex = 0; };
		98B243A2506948C29830DC68 /* CDVCapture.bundle */ = {isa = PBXFileReference; name = "CDVCapture.bundle"; path = "CDVCapture.bundle"; sourceTree = "<group>"; fileEncoding = undefined; lastKnownFileType = wrapper.plug-in; explicitFileType = undefined; includeInIndex = 0; };
		0229A03F91DA4D0E91D2D459 /* CDVConnection.m */ = {isa = PBXFileReference; name = "CDVConnection.m"; path = "cordova-plugin-network-information/CDVConnection.m"; sourceTree = "<group>"; fileEncoding = 4; lastKnownFileType = sourcecode.c.objc; explicitFileType = undefined; includeInIndex = 0; };
		05430ACF4D8746E9B3EA70EC /* CDVReachability.m */ = {isa = PBXFileReference; name = "CDVReachability.m"; path = "cordova-plugin-network-information/CDVReachability.m"; sourceTree = "<group>"; fileEncoding = 4; lastKnownFileType = sourcecode.c.objc; explicitFileType = undefined; includeInIndex = 0; };
		99013DAE4BE24805BECAF1A8 /* CDVConnection.h */ = {isa = PBXFileReference; name = "CDVConnection.h"; path = "cordova-plugin-network-information/CDVConnection.h"; sourceTree = "<group>"; fileEncoding = 4; lastKnownFileType = sourcecode.c.h; explicitFileType = undefined; includeInIndex = 0; };
		B3FD8C4432F2419CA30E1EC0 /* CDVReachability.h */ = {isa = PBXFileReference; name = "CDVReachability.h"; path = "cordova-plugin-network-information/CDVReachability.h"; sourceTree = "<group>"; fileEncoding = 4; lastKnownFileType = sourcecode.c.h; explicitFileType = undefined; includeInIndex = 0; };
		D552F0C7D66C490AAA25487C /* SystemConfiguration.framework */ = {isa = PBXFileReference; name = "SystemConfiguration.framework"; path = "System/Library/Frameworks/SystemConfiguration.framework"; sourceTree = SDKROOT; fileEncoding = undefined; lastKnownFileType = wrapper.framework; explicitFileType = undefined; includeInIndex = 0; };
		2846C7CE43F749B8822C8E58 /* CoreTelephony.framework */ = {isa = PBXFileReference; name = "CoreTelephony.framework"; path = "System/Library/Frameworks/CoreTelephony.framework"; sourceTree = SDKROOT; fileEncoding = undefined; lastKnownFileType = wrapper.framework; explicitFileType = undefined; includeInIndex = 0; };
		76938085694344BF8D142058 /* CDVSplashScreen.m */ = {isa = PBXFileReference; name = "CDVSplashScreen.m"; path = "cordova-plugin-splashscreen/CDVSplashScreen.m"; sourceTree = "<group>"; fileEncoding = 4; lastKnownFileType = sourcecode.c.objc; explicitFileType = undefined; includeInIndex = 0; };
		EF5B566E69924D08AA95C7A3 /* CDVViewController+SplashScreen.m */ = {isa = PBXFileReference; name = "CDVViewController+SplashScreen.m"; path = "cordova-plugin-splashscreen/CDVViewController+SplashScreen.m"; sourceTree = "<group>"; fileEncoding = 4; lastKnownFileType = sourcecode.c.objc; explicitFileType = undefined; includeInIndex = 0; };
		78050ACECAF64E7DA708E549 /* CDVSplashScreen.h */ = {isa = PBXFileReference; name = "CDVSplashScreen.h"; path = "cordova-plugin-splashscreen/CDVSplashScreen.h"; sourceTree = "<group>"; fileEncoding = 4; lastKnownFileType = sourcecode.c.h; explicitFileType = undefined; includeInIndex = 0; };
		D029DA2455B24D8F8CE8930A /* CDVViewController+SplashScreen.h */ = {isa = PBXFileReference; name = "CDVViewController+SplashScreen.h"; path = "cordova-plugin-splashscreen/CDVViewController+SplashScreen.h"; sourceTree = "<group>"; fileEncoding = 4; lastKnownFileType = sourcecode.c.h; explicitFileType = undefined; includeInIndex = 0; };
		F048277B1CBB4B459BFFE2F2 /* CDVStatusBar.m */ = {isa = PBXFileReference; name = "CDVStatusBar.m"; path = "cordova-plugin-statusbar/CDVStatusBar.m"; sourceTree = "<group>"; fileEncoding = 4; lastKnownFileType = sourcecode.c.objc; explicitFileType = undefined; includeInIndex = 0; };
		24BE9CBF8A6B447AAE410C77 /* CDVStatusBar.h */ = {isa = PBXFileReference; name = "CDVStatusBar.h"; path = "cordova-plugin-statusbar/CDVStatusBar.h"; sourceTree = "<group>"; fileEncoding = 4; lastKnownFileType = sourcecode.c.h; explicitFileType = undefined; includeInIndex = 0; };
		75A599408FFF4090B99D9576 /* CDVVibration.m */ = {isa = PBXFileReference; name = "CDVVibration.m"; path = "cordova-plugin-vibration/CDVVibration.m"; sourceTree = "<group>"; fileEncoding = 4; lastKnownFileType = sourcecode.c.objc; explicitFileType = undefined; includeInIndex = 0; };
		B398B6638BE742108B32C7D5 /* CDVVibration.h */ = {isa = PBXFileReference; name = "CDVVibration.h"; path = "cordova-plugin-vibration/CDVVibration.h"; sourceTree = "<group>"; fileEncoding = 4; lastKnownFileType = sourcecode.c.h; explicitFileType = undefined; includeInIndex = 0; };
		0162D70FDE96497DB7854385 /* CDVBarcodeScanner.mm */ = {isa = PBXFileReference; name = "CDVBarcodeScanner.mm"; path = "phonegap-plugin-barcodescanner/CDVBarcodeScanner.mm"; sourceTree = "<group>"; fileEncoding = undefined; lastKnownFileType = unknown; explicitFileType = undefined; includeInIndex = 0; };
		85447BC7C0A8424F87FA7FA8 /* zxing-all-in-one.cpp */ = {isa = PBXFileReference; name = "zxing-all-in-one.cpp"; path = "phonegap-plugin-barcodescanner/zxing-all-in-one.cpp"; sourceTree = "<group>"; fileEncoding = undefined; lastKnownFileType = unknown; explicitFileType = undefined; includeInIndex = 0; };
		59C9F63000C24513AE1CE400 /* zxing-all-in-one.h */ = {isa = PBXFileReference; name = "zxing-all-in-one.h"; path = "phonegap-plugin-barcodescanner/zxing-all-in-one.h"; sourceTree = "<group>"; fileEncoding = 4; lastKnownFileType = sourcecode.c.h; explicitFileType = undefined; includeInIndex = 0; };
		1DB9414820314F6D8636D526 /* scannerOverlay.xib */ = {isa = PBXFileReference; name = "scannerOverlay.xib"; path = "scannerOverlay.xib"; sourceTree = "<group>"; fileEncoding = undefined; lastKnownFileType = file.xib; explicitFileType = undefined; includeInIndex = 0; };
		B67FB1A6E41341E58E5F88A9 /* CDVBarcodeScanner.bundle */ = {isa = PBXFileReference; name = "CDVBarcodeScanner.bundle"; path = "CDVBarcodeScanner.bundle"; sourceTree = "<group>"; fileEncoding = undefined; lastKnownFileType = wrapper.plug-in; explicitFileType = undefined; includeInIndex = 0; };
		323D6B4EB3CD4FA98B911B3C /* libiconv.dylib */ = {isa = PBXFileReference; name = "libiconv.dylib"; path = "usr/lib/libiconv.dylib"; sourceTree = SDKROOT; fileEncoding = undefined; lastKnownFileType = compiled.mach-o.dylib; explicitFileType = undefined; includeInIndex = 0; };
		BAD3405D193F4E2DB6728519 /* CoreVideo.framework */ = {isa = PBXFileReference; name = "CoreVideo.framework"; path = "System/Library/Frameworks/CoreVideo.framework"; sourceTree = SDKROOT; fileEncoding = undefined; lastKnownFileType = wrapper.framework; explicitFileType = undefined; includeInIndex = 0; };
		82495A037DE843809E11A278 /* QuartzCore.framework */ = {isa = PBXFileReference; name = "QuartzCore.framework"; path = "System/Library/Frameworks/QuartzCore.framework"; sourceTree = SDKROOT; fileEncoding = undefined; lastKnownFileType = wrapper.framework; explicitFileType = undefined; includeInIndex = 0; };
		CC41942505F74CDB8B927C1F /* CoreImage.framework */ = {isa = PBXFileReference; name = "CoreImage.framework"; path = "System/Library/Frameworks/CoreImage.framework"; sourceTree = SDKROOT; fileEncoding = undefined; lastKnownFileType = wrapper.framework; explicitFileType = undefined; includeInIndex = 0; };
/* End PBXFileReference section */

/* Begin PBXFrameworksBuildPhase section */
		1D60588F0D05DD3D006BFB54 /* Frameworks */ = {
			isa = PBXFrameworksBuildPhase;
			buildActionMask = 2147483647;
			files = (
				301BF552109A68D80062928A /* libCordova.a in Frameworks */,
				4D8EA9FBC3F0484EBF608CF4 /* ImageIO.framework in Frameworks */,
				0E6894FE5B5746A9B897EA59 /* CoreLocation.framework in Frameworks */,
				280C4D26320541D1B64EA29B /* AVFoundation.framework in Frameworks */,
				050677E8B46C4545AC6BFC6A /* AddressBook.framework in Frameworks */,
				F667F4A9D342481CB3CCE896 /* AddressBookUI.framework in Frameworks */,
				AF68A223531540CF84BBF322 /* CoreMotion.framework in Frameworks */,
				CDE2E67382F44CFABF6855A7 /* AudioToolbox.framework in Frameworks */,
				F0DBC5B6BBEA49E78AC34F64 /* SystemConfiguration.framework in Frameworks */,
				ECC2589894DC403BBFA8468D /* CoreTelephony.framework in Frameworks */,
				5BC7ED0F9D974935AA1B1AD0 /* libiconv.dylib in Frameworks */,
				360F221217654D7282622FCF /* CoreVideo.framework in Frameworks */,
				81B54C326BDD4B4A8914BC79 /* QuartzCore.framework in Frameworks */,
				3BEFD7EDC1534E85883E81AD /* CoreImage.framework in Frameworks */,
			);
			runOnlyForDeploymentPostprocessing = 0;
		};
/* End PBXFrameworksBuildPhase section */

/* Begin PBXGroup section */
		080E96DDFE201D6D7F000001 /* Classes */ = {
			isa = PBXGroup;
			children = (
				302D95EE14D2391D003F00A1 /* MainViewController.h */,
				302D95EF14D2391D003F00A1 /* MainViewController.m */,
				302D95F014D2391D003F00A1 /* MainViewController.xib */,
				1D3623240D0F684500981E51 /* AppDelegate.h */,
				1D3623250D0F684500981E51 /* AppDelegate.m */,
			);
			name = Classes;
			path = "SmartMoney Wallet/Classes";
			sourceTree = SOURCE_ROOT;
		};
		19C28FACFE9D520D11CA2CBB /* Products */ = {
			isa = PBXGroup;
			children = (
				1D6058910D05DD3D006BFB54 /* SmartMoney Wallet.app */,
			);
			name = Products;
			sourceTree = "<group>";
		};
		29B97314FDCFA39411CA2CEA /* CustomTemplate */ = {
			isa = PBXGroup;
			children = (
				EB87FDF41871DAF40020F90C /* config.xml */,
				EB87FDF31871DA8E0020F90C /* www */,
				EB87FDF11871DA420020F90C /* Staging */,
				301BF52D109A57CC0062928A /* CordovaLib.xcodeproj */,
				080E96DDFE201D6D7F000001 /* Classes */,
				307C750510C5A3420062BCA9 /* Plugins */,
				29B97315FDCFA39411CA2CEA /* Other Sources */,
				29B97317FDCFA39411CA2CEA /* Resources */,
				29B97323FDCFA39411CA2CEA /* Frameworks */,
				19C28FACFE9D520D11CA2CBB /* Products */,
			);
			name = CustomTemplate;
			sourceTree = "<group>";
		};
		29B97315FDCFA39411CA2CEA /* Other Sources */ = {
			isa = PBXGroup;
			children = (
				32CA4F630368D1EE00C91783 /* SmartMoney Wallet-Prefix.pch */,
				29B97316FDCFA39411CA2CEA /* main.m */,
				ED33DF2A687741AEAF9F8254 /* Bridging-Header.h */,
			);
			name = "Other Sources";
			path = "SmartMoney Wallet";
			sourceTree = "<group>";
		};
		29B97317FDCFA39411CA2CEA /* Resources */ = {
			isa = PBXGroup;
			children = (
				0207DA571B56EA530066E2B4 /* Images.xcassets */,
				3047A50E1AB8057F00498E2A /* config */,
				8D1107310486CEB800E47090 /* SmartMoney Wallet-Info.plist */,
				92EC359377DD4C5585F28E98 /* CDVNotification.bundle */,
				98B243A2506948C29830DC68 /* CDVCapture.bundle */,
				1DB9414820314F6D8636D526 /* scannerOverlay.xib */,
				B67FB1A6E41341E58E5F88A9 /* CDVBarcodeScanner.bundle */,
			);
			name = Resources;
			path = "SmartMoney Wallet/Resources";
			sourceTree = "<group>";
		};
		29B97323FDCFA39411CA2CEA /* Frameworks */ = {
			isa = PBXGroup;
			children = (
				3F380630BFF9404884E90078 /* ImageIO.framework */,
				8C6F6CD202104E26B4F54911 /* CoreLocation.framework */,
				2CB3031D67A14260BB111F67 /* AVFoundation.framework */,
				FDC6274E3BED48E9951E3B52 /* AddressBook.framework */,
				8A20B6721EC144E1B8473CA7 /* AddressBookUI.framework */,
				88E71D0E039B4CFE990E530C /* CoreMotion.framework */,
				77FC606C689F4C51AE315F0C /* AudioToolbox.framework */,
				D552F0C7D66C490AAA25487C /* SystemConfiguration.framework */,
				2846C7CE43F749B8822C8E58 /* CoreTelephony.framework */,
				323D6B4EB3CD4FA98B911B3C /* libiconv.dylib */,
				BAD3405D193F4E2DB6728519 /* CoreVideo.framework */,
				82495A037DE843809E11A278 /* QuartzCore.framework */,
				CC41942505F74CDB8B927C1F /* CoreImage.framework */,
			);
			name = Frameworks;
			sourceTree = "<group>";
		};
		301BF52E109A57CC0062928A /* Products */ = {
			isa = PBXGroup;
			children = (
				301BF535109A57CC0062928A /* libCordova.a */,
			);
			name = Products;
			sourceTree = "<group>";
		};
		3047A50E1AB8057F00498E2A /* config */ = {
			isa = PBXGroup;
			children = (
				3047A50F1AB8059700498E2A /* build-debug.xcconfig */,
				3047A5101AB8059700498E2A /* build-release.xcconfig */,
				3047A5111AB8059700498E2A /* build.xcconfig */,
			);
			name = config;
			sourceTree = "<group>";
		};
		307C750510C5A3420062BCA9 /* Plugins */ = {
			isa = PBXGroup;
			children = (
				459614B2710D44E2ACD3BD35 /* CDVBattery.m */,
				7A21E9503E464238ACB85E98 /* CDVBattery.h */,
				4036EB13E69343219C76A6C5 /* UIImage+CropScaleOrientation.m */,
				63B9875F64CC440F8374DE10 /* CDVCamera.m */,
				2815B046D4254D1E933747AB /* CDVJpegHeaderWriter.m */,
				C6DF2B9A7F4A426DA1042F5A /* UIImage+CropScaleOrientation.h */,
				1E3EBE07445A4338BE80D2C6 /* CDVCamera.h */,
				E4839CCDA4534159AD90A6EC /* CDVJpegHeaderWriter.h */,
				F2BBA7D41B894BCDA0E56F9C /* CDVExif.h */,
				CD30356C179741D4BF709F0C /* CDVLogger.m */,
				512594E5CB7F431DB6ECF9AC /* CDVLogger.h */,
				24C15D0211F04D67B6BB4541 /* CDVContacts.m */,
				3E3E8B97C42A49958B48FB68 /* CDVContact.m */,
				08A4457140DD414281FE5D2A /* CDVContacts.h */,
				C7DD83AF7E3C4EBEB9B62697 /* CDVContact.h */,
				13F1EAA5BE9D48DD82357832 /* CDVDevice.m */,
				0255A664C3494E0486A4BD6E /* CDVDevice.h */,
				ADA484C8514A4651B7FCB9EF /* CDVAccelerometer.m */,
				034FDEE2794641949B90F471 /* CDVAccelerometer.h */,
				8F28D261AFF045A9A5F0701B /* CDVCompass.m */,
				B54D2228471442278FAAF212 /* CDVCompass.h */,
				B5ECA85657E8409184892B6F /* CDVNotification.m */,
				3EC8274328E64920AB92CB36 /* CDVNotification.h */,
				8A5670CE68934F05B31BBBE1 /* CDVFile.m */,
				9C662E915022490ABD71884F /* CDVLocalFilesystem.m */,
				2965A684E9B1479E9451518E /* CDVAssetLibraryFilesystem.m */,
				4C415304FD044991A682E416 /* CDVFile.h */,
				F396CEF4B150427196E79199 /* CDVLocalFilesystem.h */,
				1421FA3284C14C26A119BB84 /* CDVAssetLibraryFilesystem.h */,
				19F7262856F84EDBA594373C /* CDVFileTransfer.m */,
				9FABCF780EFB41A49C6A3A85 /* CDVFileTransfer.h */,
				24E34B3D5F28476B8A27DD4D /* CDVLocation.m */,
				FD1EB31669C045D3A64A3829 /* CDVLocation.h */,
				43661AFA760F4F0590F6655F /* CDVGlobalization.m */,
				26584A0DB74A486A87EFD3C7 /* CDVGlobalization.h */,
				B13280D8ECEE46FF8F31EF91 /* CDVInAppBrowser.m */,
				1B6E5546B17A44A7831C6AB4 /* CDVInAppBrowser.h */,
				BBE838DCCC704AF78FF7BAB9 /* CDVSound.m */,
				CF4ACB38A2954494AD1361AF /* CDVSound.h */,
				941B0463F8044DEF9393F5C4 /* CDVCapture.m */,
				310E1267F2FB4674824EB234 /* CDVCapture.h */,
				0229A03F91DA4D0E91D2D459 /* CDVConnection.m */,
				05430ACF4D8746E9B3EA70EC /* CDVReachability.m */,
				99013DAE4BE24805BECAF1A8 /* CDVConnection.h */,
				B3FD8C4432F2419CA30E1EC0 /* CDVReachability.h */,
				76938085694344BF8D142058 /* CDVSplashScreen.m */,
				EF5B566E69924D08AA95C7A3 /* CDVViewController+SplashScreen.m */,
				78050ACECAF64E7DA708E549 /* CDVSplashScreen.h */,
				D029DA2455B24D8F8CE8930A /* CDVViewController+SplashScreen.h */,
				F048277B1CBB4B459BFFE2F2 /* CDVStatusBar.m */,
				24BE9CBF8A6B447AAE410C77 /* CDVStatusBar.h */,
				75A599408FFF4090B99D9576 /* CDVVibration.m */,
				B398B6638BE742108B32C7D5 /* CDVVibration.h */,
				0162D70FDE96497DB7854385 /* CDVBarcodeScanner.mm */,
				85447BC7C0A8424F87FA7FA8 /* zxing-all-in-one.cpp */,
				59C9F63000C24513AE1CE400 /* zxing-all-in-one.h */,
			);
			name = Plugins;
			path = "SmartMoney Wallet/Plugins";
			sourceTree = SOURCE_ROOT;
		};
		EB87FDF11871DA420020F90C /* Staging */ = {
			isa = PBXGroup;
			children = (
				F840E1F0165FE0F500CFE078 /* config.xml */,
				301BF56E109A69640062928A /* www */,
			);
			name = Staging;
			sourceTree = "<group>";
		};
/* End PBXGroup section */

/* Begin PBXNativeTarget section */
		1D6058900D05DD3D006BFB54 /* SmartMoney Wallet */ = {
			isa = PBXNativeTarget;
			buildConfigurationList = 1D6058960D05DD3E006BFB54 /* Build configuration list for PBXNativeTarget "SmartMoney Wallet" */;
			buildPhases = (
				304B58A110DAC018002A0835 /* Copy www directory */,
				1D60588D0D05DD3D006BFB54 /* Resources */,
				1D60588E0D05DD3D006BFB54 /* Sources */,
				1D60588F0D05DD3D006BFB54 /* Frameworks */,
			);
			buildRules = (
			);
			dependencies = (
				301BF551109A68C00062928A /* PBXTargetDependency */,
			);
			name = "SmartMoney Wallet";
			productName = "SmartMoney Wallet";
			productReference = 1D6058910D05DD3D006BFB54 /* SmartMoney Wallet.app */;
			productType = "com.apple.product-type.application";
		};
/* End PBXNativeTarget section */

/* Begin PBXProject section */
		29B97313FDCFA39411CA2CEA /* Project object */ = {
			isa = PBXProject;
			attributes = {
				LastUpgradeCheck = 510;
			};
			buildConfigurationList = C01FCF4E08A954540054247B /* Build configuration list for PBXProject "__NON-CLI__" */;
			compatibilityVersion = "Xcode 3.2";
			developmentRegion = English;
			hasScannedForEncodings = 1;
			mainGroup = 29B97314FDCFA39411CA2CEA /* CustomTemplate */;
			projectDirPath = "";
			projectReferences = (
				{
					ProductGroup = 301BF52E109A57CC0062928A /* Products */;
					ProjectRef = 301BF52D109A57CC0062928A /* CordovaLib.xcodeproj */;
				},
			);
			projectRoot = "";
			targets = (
				1D6058900D05DD3D006BFB54 /* SmartMoney Wallet */,
			);
		};
/* End PBXProject section */

/* Begin PBXReferenceProxy section */
		301BF535109A57CC0062928A /* libCordova.a */ = {
			isa = PBXReferenceProxy;
			fileType = archive.ar;
			path = libCordova.a;
			remoteRef = 301BF534109A57CC0062928A /* PBXContainerItemProxy */;
			sourceTree = BUILT_PRODUCTS_DIR;
		};
/* End PBXReferenceProxy section */

/* Begin PBXResourcesBuildPhase section */
		1D60588D0D05DD3D006BFB54 /* Resources */ = {
			isa = PBXResourcesBuildPhase;
			buildActionMask = 2147483647;
			files = (
				302D95F214D2391D003F00A1 /* MainViewController.xib in Resources */,
				3047A5131AB8059700498E2A /* build-release.xcconfig in Resources */,
				3047A5141AB8059700498E2A /* build.xcconfig in Resources */,
				0207DA581B56EA530066E2B4 /* Images.xcassets in Resources */,
				3047A5121AB8059700498E2A /* build-debug.xcconfig in Resources */,
				EDC45509E4C64C749FA61426 /* CDVNotification.bundle in Resources */,
				2E6C9B4A807749BC9032D100 /* CDVCapture.bundle in Resources */,
				25D3AC17A4E64C9088ABD8D6 /* scannerOverlay.xib in Resources */,
				14DF07AD05E84056AB617997 /* CDVBarcodeScanner.bundle in Resources */,
			);
			runOnlyForDeploymentPostprocessing = 0;
		};
/* End PBXResourcesBuildPhase section */

/* Begin PBXShellScriptBuildPhase section */
		304B58A110DAC018002A0835 /* Copy www directory */ = {
			isa = PBXShellScriptBuildPhase;
			buildActionMask = 2147483647;
			files = (
			);
			inputPaths = (
			);
			name = "Copy www directory";
			outputPaths = (
			);
			runOnlyForDeploymentPostprocessing = 0;
			shellPath = /bin/sh;
			shellScript = "NODEJS_PATH=/usr/local/bin; NVM_NODE_PATH=~/.nvm/versions/node/`nvm version 2>/dev/null`/bin; N_NODE_PATH=`find /usr/local/n/versions/node/* -maxdepth 0 -type d 2>/dev/null | tail -1`/bin; XCODE_NODE_PATH=`xcode-select --print-path`/usr/share/xcs/Node/bin; PATH=$NODEJS_PATH:$NVM_NODE_PATH:$N_NODE_PATH:$XCODE_NODE_PATH:$PATH && node cordova/lib/copy-www-build-step.js";
			showEnvVarsInLog = 0;
		};
/* End PBXShellScriptBuildPhase section */

/* Begin PBXSourcesBuildPhase section */
		1D60588E0D05DD3D006BFB54 /* Sources */ = {
			isa = PBXSourcesBuildPhase;
			buildActionMask = 2147483647;
			files = (
				1D60589B0D05DD56006BFB54 /* main.m in Sources */,
				1D3623260D0F684500981E51 /* AppDelegate.m in Sources */,
				302D95F114D2391D003F00A1 /* MainViewController.m in Sources */,
				9275345EA37B447E92D3E261 /* CDVBattery.m in Sources */,
				C9798FBA2EBE435898959B78 /* UIImage+CropScaleOrientation.m in Sources */,
				821E59C28FB9413C9EE156C6 /* CDVCamera.m in Sources */,
				6184DAE9C83447EDB101B050 /* CDVJpegHeaderWriter.m in Sources */,
				A8677CBF08EB43F898BFC755 /* CDVLogger.m in Sources */,
				9FCDD1855B674175B0B07419 /* CDVContacts.m in Sources */,
				751C57AC0EC847089CB0DCBE /* CDVContact.m in Sources */,
				19B74E4BB00E4815A9F971FC /* CDVDevice.m in Sources */,
				C12F0210984346CB90DC73AD /* CDVAccelerometer.m in Sources */,
				03DC9B440B3B411EBD2342F3 /* CDVCompass.m in Sources */,
				3BCD4CA48B794085A91AEB9C /* CDVNotification.m in Sources */,
				61BC6D025BF94A9AB163F7E1 /* CDVFile.m in Sources */,
				A183FECB226E4DD18937E33B /* CDVLocalFilesystem.m in Sources */,
				39F4990545744051A0A274E0 /* CDVAssetLibraryFilesystem.m in Sources */,
				323F9B4BB3D94CD3A0853939 /* CDVFileTransfer.m in Sources */,
				F98586E106274A0C816F9902 /* CDVLocation.m in Sources */,
				36AFD5D599CC48A09E235376 /* CDVGlobalization.m in Sources */,
				C727CC67060F4E3CAD614C6D /* CDVInAppBrowser.m in Sources */,
				EB310D49B3884663949156FB /* CDVSound.m in Sources */,
				CCC74D55D4CF40B4B58FFEAA /* CDVCapture.m in Sources */,
				E76AFA4C0F9D4AC5A2F79D29 /* CDVConnection.m in Sources */,
				D9230462DCA14E4AA4E60214 /* CDVReachability.m in Sources */,
				B2355393AA6043429A5D1EC5 /* CDVSplashScreen.m in Sources */,
				9C4EAE7D21D242558BBAFA5D /* CDVViewController+SplashScreen.m in Sources */,
				5A1494C7691B40AC805AFE02 /* CDVStatusBar.m in Sources */,
				A5EE7E7213664CAD996DF615 /* CDVVibration.m in Sources */,
				292A9615C71D4AA497D6CF95 /* CDVBarcodeScanner.mm in Resources */,
				0045C391E6DA4009BF5F141D /* zxing-all-in-one.cpp in Resources */,
			);
			runOnlyForDeploymentPostprocessing = 0;
		};
/* End PBXSourcesBuildPhase section */

/* Begin PBXTargetDependency section */
		301BF551109A68C00062928A /* PBXTargetDependency */ = {
			isa = PBXTargetDependency;
			name = CordovaLib;
			targetProxy = 301BF550109A68C00062928A /* PBXContainerItemProxy */;
		};
/* End PBXTargetDependency section */

/* Begin XCBuildConfiguration section */
		1D6058940D05DD3E006BFB54 /* Debug */ = {
			isa = XCBuildConfiguration;
			baseConfigurationReference = 3047A50F1AB8059700498E2A /* build-debug.xcconfig */;
			buildSettings = {
				ALWAYS_SEARCH_USER_PATHS = NO;
				ASSETCATALOG_COMPILER_APPICON_NAME = AppIcon;
				ASSETCATALOG_COMPILER_LAUNCHIMAGE_NAME = LaunchImage;
				CLANG_ENABLE_MODULES = YES;
				CLANG_ENABLE_OBJC_ARC = YES;
				COPY_PHASE_STRIP = NO;
				GCC_DYNAMIC_NO_PIC = NO;
				GCC_OPTIMIZATION_LEVEL = 0;
				GCC_PRECOMPILE_PREFIX_HEADER = YES;
				GCC_PREFIX_HEADER = "SmartMoney Wallet/SmartMoney Wallet-Prefix.pch";
				GCC_THUMB_SUPPORT = NO;
				GCC_VERSION = "";
				INFOPLIST_FILE = "SmartMoney Wallet/SmartMoney Wallet-Info.plist";
				LD_RUNPATH_SEARCH_PATHS = "@executable_path/Frameworks";
				PRODUCT_NAME = "SmartMoney Wallet";
			};
			name = Debug;
		};
		1D6058950D05DD3E006BFB54 /* Release */ = {
			isa = XCBuildConfiguration;
			baseConfigurationReference = 3047A5101AB8059700498E2A /* build-release.xcconfig */;
			buildSettings = {
				ALWAYS_SEARCH_USER_PATHS = NO;
				ASSETCATALOG_COMPILER_APPICON_NAME = AppIcon;
				ASSETCATALOG_COMPILER_LAUNCHIMAGE_NAME = LaunchImage;
				CLANG_ENABLE_MODULES = YES;
				CLANG_ENABLE_OBJC_ARC = YES;
				COPY_PHASE_STRIP = YES;
				GCC_PRECOMPILE_PREFIX_HEADER = YES;
				GCC_PREFIX_HEADER = "SmartMoney Wallet/SmartMoney Wallet-Prefix.pch";
				GCC_THUMB_SUPPORT = NO;
				GCC_VERSION = "";
				INFOPLIST_FILE = "SmartMoney Wallet/SmartMoney Wallet-Info.plist";
				PRODUCT_NAME = "SmartMoney Wallet";
			};
			name = Release;
		};
		C01FCF4F08A954540054247B /* Debug */ = {
			isa = XCBuildConfiguration;
			baseConfigurationReference = 3047A5111AB8059700498E2A /* build.xcconfig */;
			buildSettings = {
				CLANG_ENABLE_MODULES = YES;
				CLANG_ENABLE_OBJC_ARC = YES;
				CLANG_WARN_BOOL_CONVERSION = YES;
				CLANG_WARN_CONSTANT_CONVERSION = YES;
				CLANG_WARN_EMPTY_BODY = YES;
				CLANG_WARN_ENUM_CONVERSION = YES;
				CLANG_WARN_INT_CONVERSION = YES;
				CLANG_WARN__DUPLICATE_METHOD_MATCH = YES;
				GCC_C_LANGUAGE_STANDARD = c99;
				GCC_THUMB_SUPPORT = NO;
				GCC_VERSION = "";
				GCC_WARN_ABOUT_RETURN_TYPE = YES;
				GCC_WARN_UNDECLARED_SELECTOR = YES;
				GCC_WARN_UNINITIALIZED_AUTOS = YES;
				GCC_WARN_UNUSED_FUNCTION = YES;
				GCC_WARN_UNUSED_VARIABLE = YES;
				ONLY_ACTIVE_ARCH = YES;
				SDKROOT = iphoneos;
				SKIP_INSTALL = NO;
			};
			name = Debug;
		};
		C01FCF5008A954540054247B /* Release */ = {
			isa = XCBuildConfiguration;
			baseConfigurationReference = 3047A5111AB8059700498E2A /* build.xcconfig */;
			buildSettings = {
				CLANG_ENABLE_MODULES = YES;
				CLANG_ENABLE_OBJC_ARC = YES;
				CLANG_WARN_BOOL_CONVERSION = YES;
				CLANG_WARN_CONSTANT_CONVERSION = YES;
				CLANG_WARN_EMPTY_BODY = YES;
				CLANG_WARN_ENUM_CONVERSION = YES;
				CLANG_WARN_INT_CONVERSION = YES;
				CLANG_WARN__DUPLICATE_METHOD_MATCH = YES;
				GCC_C_LANGUAGE_STANDARD = c99;
				GCC_THUMB_SUPPORT = NO;
				GCC_VERSION = "";
				GCC_WARN_ABOUT_RETURN_TYPE = YES;
				GCC_WARN_UNDECLARED_SELECTOR = YES;
				GCC_WARN_UNINITIALIZED_AUTOS = YES;
				GCC_WARN_UNUSED_FUNCTION = YES;
				GCC_WARN_UNUSED_VARIABLE = YES;
				SDKROOT = iphoneos;
				SKIP_INSTALL = NO;
			};
			name = Release;
		};
/* End XCBuildConfiguration section */

/* Begin XCConfigurationList section */
		1D6058960D05DD3E006BFB54 /* Build configuration list for PBXNativeTarget "SmartMoney Wallet" */ = {
			isa = XCConfigurationList;
			buildConfigurations = (
				1D6058940D05DD3E006BFB54 /* Debug */,
				1D6058950D05DD3E006BFB54 /* Release */,
			);
			defaultConfigurationIsVisible = 0;
			defaultConfigurationName = Release;
		};
		C01FCF4E08A954540054247B /* Build configuration list for PBXProject "__NON-CLI__" */ = {
			isa = XCConfigurationList;
			buildConfigurations = (
				C01FCF4F08A954540054247B /* Debug */,
				C01FCF5008A954540054247B /* Release */,
			);
			defaultConfigurationIsVisible = 0;
			defaultConfigurationName = Release;
		};
/* End XCConfigurationList section */
	};
	rootObject = 29B97313FDCFA39411CA2CEA /* Project object */;
}
